
Microsoft Visual Studio Solution File, Format Version 12.00
# Visual Studio Version 17
VisualStudioVersion = 17.9.34714.143
MinimumVisualStudioVersion = 10.0.40219.1
Project("{FAE04EC0-301F-11D3-BF4B-00C04F79EFBC}") = "SuperCRUDWinFormsMVP", "SuperCRUDWinFormsMVP.csproj", "{DE6210E3-D581-455C-BD37-C76F24BE3776}"
EndProject
Global
	GlobalSection(SolutionConfigurationPlatforms) = preSolution
		Debug|Any CPU = Debug|Any CPU
		Release|Any CPU = Release|Any CPU
	EndGlobalSection
	GlobalSection(ProjectConfigurationPlatforms) = postSolution
		{DE6210E3-D581-455C-BD37-C76F24BE3776}.Debug|Any CPU.ActiveCfg = Debug|Any CPU
		{DE6210E3-D581-455C-BD37-C76F24BE3776}.Debug|Any CPU.Build.0 = Debug|Any CPU
		{DE6210E3-D581-455C-BD37-C76F24BE3776}.Release|Any CPU.ActiveCfg = Release|Any CPU
		{DE6210E3-D581-455C-BD37-C76F24BE3776}.Release|Any CPU.Build.0 = Release|Any CPU
	EndGlobalSection
	GlobalSection(SolutionProperties) = preSolution
		HideSolutionNode = FALSE
	EndGlobalSection
	GlobalSection(ExtensibilityGlobals) = postSolution
		SolutionGuid = {F8D6B296-790F-435F-8E23-5D2D7A1822E2}
	EndGlobalSection
EndGlobal
